PODS:
  - OpenSSL (1.0.204.1)
  - PINCache (2.1)
  - SocketRocket (0.2.0-qredo)

DEPENDENCIES:
  - OpenSSL (~> 1.0)
  - PINCache
  - SocketRocket (~> 0.2.0-qredo)

SPEC CHECKSUMS:
  OpenSSL: 7f853fcada78e5162c2183b4d90ebbd0aa02f5ac
  PINCache: 0581b0a7578fc0bbc6c7a8b70b0615388bea064c
  SocketRocket: ef41ebd342caa38b398ebb1ed485a6d0dbee806d

COCOAPODS: 0.39.0
