<?xml version="1.0" encoding="UTF-8"?>
<Scheme
   LastUpgradeVersion = "0710"
   version = "1.3">
   <BuildAction
      parallelizeBuildables = "YES"
      buildImplicitDependencies = "YES">
      <BuildActionEntries>
         <BuildActionEntry
            buildForTesting = "YES"
            buildForRunning = "YES"
            buildForProfiling = "NO"
            buildForArchiving = "NO"
            buildForAnalyzing = "YES">
            <BuildableReference
               BuildableIdentifier = "primary"
               BlueprintIdentifier = "66605C8F1BD6402E00EC8D6C"
               BuildableName = "QredoSDKTests.xctest"
               BlueprintName = "QredoSDKTests"
               ReferencedContainer = "container:QredoSDK.xcodeproj">
            </BuildableReference>
         </BuildActionEntry>
      </BuildActionEntries>
   </BuildAction>
   <TestAction
      buildConfiguration = "Debug"
      selectedDebuggerIdentifier = "Xcode.DebuggerFoundation.Debugger.LLDB"
      selectedLauncherIdentifier = "Xcode.DebuggerFoundation.Launcher.LLDB"
      shouldUseLaunchSchemeArgsEnv = "YES">
      <Testables>
         <TestableReference
            skipped = "NO">
            <BuildableReference
               BuildableIdentifier = "primary"
               BlueprintIdentifier = "66605C8F1BD6402E00EC8D6C"
               BuildableName = "QredoSDKTests.xctest"
               BlueprintName = "QredoSDKTests"
               ReferencedContainer = "container:QredoSDK.xcodeproj">
            </BuildableReference>
            <SkippedTests>
               <Test
                  Identifier = "ConversationMQTTTests/testConversationMultiple">
               </Test>
               <Test
                  Identifier = "ConversationWebSocketTests/testConversationMultiple">
               </Test>
               <Test
                  Identifier = "OwnershipSignatureTests/testCreateOperation">
               </Test>
               <Test
                  Identifier = "QredoRendezvousMQTTTests/testCreateAndRespondAuthenticatedRendezvousED25519_ExternalKeys_EmptyPrefix">
               </Test>
               <Test
                  Identifier = "QredoRendezvousMQTTTests/testCreateAndRespondAuthenticatedRendezvousED25519_ExternalKeys_WithPrefix">
               </Test>
               <Test
                  Identifier = "QredoRendezvousMQTTTests/testCreateAndRespondAuthenticatedRendezvousRsa2048_ExternalKeys_WithPrefix">
               </Test>
               <Test
                  Identifier = "QredoRendezvousMQTTTests/testCreateAndRespondAuthenticatedRendezvousRsa4096_ExternalKeys_WithPrefix">
               </Test>
               <Test
                  Identifier = "QredoRendezvousMQTTTests/testCreateAndRespondAuthenticatedRendezvousX509Pem_ExternalKeys_WithPrefix">
               </Test>
               <Test
                  Identifier = "QredoRendezvousRsa2048PemHelperTests/testCreateHelperSigning_Invalid_ExternalKeysSignerReturnsNil">
               </Test>
               <Test
                  Identifier = "QredoRendezvousRsa2048PemHelperTests/testCreateHelper_Invalid_ExternalKeysMissingSigningHandler">
               </Test>
               <Test
                  Identifier = "QredoRendezvousRsa2048PemHelperTests/testSignatureAndVerification_ExternalKeys">
               </Test>
               <Test
                  Identifier = "QredoRendezvousRsa2048PemHelperTests/testSignatureAndVerification_ExternalKeys_BadSigning">
               </Test>
               <Test
                  Identifier = "QredoRendezvousRsa2048PemHelperTests/testSignatureAndVerification_ExternalKeys_MultiUse">
               </Test>
               <Test
                  Identifier = "QredoRendezvousRsa4096PemHelperTests/testCreateHelperSigning_Invalid_ExternalKeysSignerReturnsNil">
               </Test>
               <Test
                  Identifier = "QredoRendezvousRsa4096PemHelperTests/testCreateHelper_Invalid_ExternalKeysMissingSigningHandler">
               </Test>
               <Test
                  Identifier = "QredoRendezvousRsa4096PemHelperTests/testSignatureAndVerification_ExternalKeys">
               </Test>
               <Test
                  Identifier = "QredoRendezvousRsa4096PemHelperTests/testSignatureAndVerification_ExternalKeys_BadSigning">
               </Test>
               <Test
                  Identifier = "QredoRendezvousRsa4096PemHelperTests/testSignatureAndVerification_ExternalKeys_MultiUse">
               </Test>
               <Test
                  Identifier = "QredoRendezvousTests/testCreateAndRespondAuthenticatedRendezvousED25519_ExternalKeys_EmptyPrefix">
               </Test>
               <Test
                  Identifier = "QredoRendezvousTests/testCreateAndRespondAuthenticatedRendezvousED25519_ExternalKeys_WithPrefix">
               </Test>
               <Test
                  Identifier = "QredoRendezvousTests/testCreateAndRespondAuthenticatedRendezvousRsa2048_ExternalKeys_WithPrefix">
               </Test>
               <Test
                  Identifier = "QredoRendezvousTests/testCreateAndRespondAuthenticatedRendezvousRsa4096_ExternalKeys_WithPrefix">
               </Test>
               <Test
                  Identifier = "QredoRendezvousTests/testCreateAndRespondAuthenticatedRendezvousX509Pem_ExternalKeys_WithPrefix">
               </Test>
               <Test
                  Identifier = "QredoRendezvousWebSocketTests/testCreateAndRespondAuthenticatedRendezvousED25519_ExternalKeys_EmptyPrefix">
               </Test>
               <Test
                  Identifier = "QredoRendezvousWebSocketTests/testCreateAndRespondAuthenticatedRendezvousED25519_ExternalKeys_WithPrefix">
               </Test>
               <Test
                  Identifier = "QredoRendezvousWebSocketTests/testCreateAndRespondAuthenticatedRendezvousRsa2048_ExternalKeys_WithPrefix">
               </Test>
               <Test
                  Identifier = "QredoRendezvousWebSocketTests/testCreateAndRespondAuthenticatedRendezvousRsa4096_ExternalKeys_WithPrefix">
               </Test>
               <Test
                  Identifier = "QredoRendezvousWebSocketTests/testCreateAndRespondAuthenticatedRendezvousX509Pem_ExternalKeys_WithPrefix">
               </Test>
               <Test
                  Identifier = "QredoRendezvousX509PemHelperTests/testCreateHelperSigning_Invalid_ExternalKeysSignerReturnsNil">
               </Test>
               <Test
                  Identifier = "QredoRendezvousX509PemHelperTests/testCreateHelper_Invalid_ExternalKeysMissingSigningHandler">
               </Test>
               <Test
                  Identifier = "QredoRendezvousX509PemHelperTests/testSignatureAndVerification_ExternalKeys">
               </Test>
               <Test
                  Identifier = "QredoRendezvousX509PemHelperTests/testSignatureAndVerification_ExternalKeys_BadSigning">
               </Test>
               <Test
                  Identifier = "QredoRendezvousX509PemHelperTests/testSignatureAndVerification_ExternalKeys_IncludeUnnecessaryPemCerts">
               </Test>
               <Test
                  Identifier = "QredoRendezvousX509PemHelperTests/testSignatureAndVerification_ExternalKeys_MultiUse">
               </Test>
               <Test
                  Identifier = "QredoRendezvousX509PemHelperTests/testSignatureAndVerification_ExternalKeys_OutOfOrderPemChain">
               </Test>
               <Test
                  Identifier = "QredoRendezvousX509PemHelperTests/testSignatureAndVerification_ExternalKeys_RootIncludedInPemCertChain">
               </Test>
               <Test
                  Identifier = "RendezvousEd25519HelperTests/testCreateHelper_Invalid_ExternalKeysMissingSigningHandler">
               </Test>
               <Test
                  Identifier = "RendezvousEd25519HelperTests/testSignatureAndVerification_ExternalKeys">
               </Test>
            </SkippedTests>
         </TestableReference>
      </Testables>
      <MacroExpansion>
         <BuildableReference
            BuildableIdentifier = "primary"
            BlueprintIdentifier = "66605C8F1BD6402E00EC8D6C"
            BuildableName = "QredoSDKTests.xctest"
            BlueprintName = "QredoSDKTests"
            ReferencedContainer = "container:QredoSDK.xcodeproj">
         </BuildableReference>
      </MacroExpansion>
      <AdditionalOptions>
      </AdditionalOptions>
   </TestAction>
   <LaunchAction
      buildConfiguration = "Debug"
      selectedDebuggerIdentifier = "Xcode.DebuggerFoundation.Debugger.LLDB"
      selectedLauncherIdentifier = "Xcode.DebuggerFoundation.Launcher.LLDB"
      launchStyle = "0"
      useCustomWorkingDirectory = "NO"
      ignoresPersistentStateOnLaunch = "NO"
      debugDocumentVersioning = "YES"
      debugServiceExtension = "internal"
      allowLocationSimulation = "YES">
      <MacroExpansion>
         <BuildableReference
            BuildableIdentifier = "primary"
            BlueprintIdentifier = "66605C8F1BD6402E00EC8D6C"
            BuildableName = "QredoSDKTests.xctest"
            BlueprintName = "QredoSDKTests"
            ReferencedContainer = "container:QredoSDK.xcodeproj">
         </BuildableReference>
      </MacroExpansion>
      <AdditionalOptions>
      </AdditionalOptions>
   </LaunchAction>
   <ProfileAction
      buildConfiguration = "Release"
      shouldUseLaunchSchemeArgsEnv = "YES"
      savedToolIdentifier = ""
      useCustomWorkingDirectory = "NO"
      debugDocumentVersioning = "YES">
   </ProfileAction>
   <AnalyzeAction
      buildConfiguration = "Debug">
   </AnalyzeAction>
   <ArchiveAction
      buildConfiguration = "Release"
      revealArchiveInOrganizer = "YES">
   </ArchiveAction>
</Scheme>
